// !$*UTF8*$!
{
	archiveVersion = 1;
	classes = {
	};
	objectVersion = 50;
	objects = {

/* Begin PBXBuildFile section */
		7E13CB2E21118EC80044024F /* SwipeTableViewController.swift in Sources */ = {isa = PBXBuildFile; fileRef = 7E13CB2D21118EC80044024F /* SwipeTableViewController.swift */; };
		7E13CB302111C79C0044024F /* LocalPushManager.swift in Sources */ = {isa = PBXBuildFile; fileRef = 7E13CB2F2111C79C0044024F /* LocalPushManager.swift */; };
		7E47C320211043EE001F17FB /* AppDelegate.swift in Sources */ = {isa = PBXBuildFile; fileRef = 7E47C31F211043EE001F17FB /* AppDelegate.swift */; };
		7E47C322211043EE001F17FB /* TodoListViewController.swift in Sources */ = {isa = PBXBuildFile; fileRef = 7E47C321211043EE001F17FB /* TodoListViewController.swift */; };
		7E47C325211043EE001F17FB /* Main.storyboard in Resources */ = {isa = PBXBuildFile; fileRef = 7E47C323211043EE001F17FB /* Main.storyboard */; };
		7E47C327211043F0001F17FB /* Assets.xcassets in Resources */ = {isa = PBXBuildFile; fileRef = 7E47C326211043F0001F17FB /* Assets.xcassets */; };
		7E47C32A211043F0001F17FB /* LaunchScreen.storyboard in Resources */ = {isa = PBXBuildFile; fileRef = 7E47C328211043F0001F17FB /* LaunchScreen.storyboard */; };
		7E47C332211059CD001F17FB /* AddItemViewController.swift in Sources */ = {isa = PBXBuildFile; fileRef = 7E47C331211059CD001F17FB /* AddItemViewController.swift */; };
		7E47C3372110C563001F17FB /* DataModel.xcdatamodeld in Sources */ = {isa = PBXBuildFile; fileRef = 7E47C3352110C563001F17FB /* DataModel.xcdatamodeld */; };
		7E47C35C2111182C001F17FB /* AllCategoriesTableViewController.swift in Sources */ = {isa = PBXBuildFile; fileRef = 7E47C35B2111182C001F17FB /* AllCategoriesTableViewController.swift */; };
		7E47C35E21111B77001F17FB /* AddCategoryViewController.swift in Sources */ = {isa = PBXBuildFile; fileRef = 7E47C35D21111B77001F17FB /* AddCategoryViewController.swift */; };
		BA9C3483095D3B626A0F8D8E /* Pods_todoey.framework in Frameworks */ = {isa = PBXBuildFile; fileRef = AAE062F02ADB0745BAA07B24 /* Pods_todoey.framework */; };
/* End PBXBuildFile section */

/* Begin PBXFileReference section */
		6EB99E7239B8650BD9052C0A /* Pods-todoey.debug.xcconfig */ = {isa = PBXFileReference; includeInIndex = 1; lastKnownFileType = text.xcconfig; name = "Pods-todoey.debug.xcconfig"; path = "Pods/Target Support Files/Pods-todoey/Pods-todoey.debug.xcconfig"; sourceTree = "<group>"; };
		7E13CB2D21118EC80044024F /* SwipeTableViewController.swift */ = {isa = PBXFileReference; lastKnownFileType = sourcecode.swift; path = SwipeTableViewController.swift; sourceTree = "<group>"; };
		7E13CB2F2111C79C0044024F /* LocalPushManager.swift */ = {isa = PBXFileReference; lastKnownFileType = sourcecode.swift; path = LocalPushManager.swift; sourceTree = "<group>"; };
		7E47C31C211043EE001F17FB /* todoey.app */ = {isa = PBXFileReference; explicitFileType = wrapper.application; includeInIndex = 0; path = todoey.app; sourceTree = BUILT_PRODUCTS_DIR; };
		7E47C31F211043EE001F17FB /* AppDelegate.swift */ = {isa = PBXFileReference; lastKnownFileType = sourcecode.swift; path = AppDelegate.swift; sourceTree = "<group>"; };
		7E47C321211043EE001F17FB /* TodoListViewController.swift */ = {isa = PBXFileReference; lastKnownFileType = sourcecode.swift; path = TodoListViewController.swift; sourceTree = "<group>"; };
		7E47C324211043EE001F17FB /* Base */ = {isa = PBXFileReference; lastKnownFileType = file.storyboard; name = Base; path = Base.lproj/Main.storyboard; sourceTree = "<group>"; };
		7E47C326211043F0001F17FB /* Assets.xcassets */ = {isa = PBXFileReference; lastKnownFileType = folder.assetcatalog; path = Assets.xcassets; sourceTree = "<group>"; };
		7E47C329211043F0001F17FB /* Base */ = {isa = PBXFileReference; lastKnownFileType = file.storyboard; name = Base; path = Base.lproj/LaunchScreen.storyboard; sourceTree = "<group>"; };
		7E47C32B211043F0001F17FB /* Info.plist */ = {isa = PBXFileReference; lastKnownFileType = text.plist.xml; path = Info.plist; sourceTree = "<group>"; };
		7E47C331211059CD001F17FB /* AddItemViewController.swift */ = {isa = PBXFileReference; lastKnownFileType = sourcecode.swift; path = AddItemViewController.swift; sourceTree = "<group>"; };
		7E47C3362110C563001F17FB /* DataModel.xcdatamodel */ = {isa = PBXFileReference; lastKnownFileType = wrapper.xcdatamodel; path = DataModel.xcdatamodel; sourceTree = "<group>"; };
		7E47C35B2111182C001F17FB /* AllCategoriesTableViewController.swift */ = {isa = PBXFileReference; lastKnownFileType = sourcecode.swift; path = AllCategoriesTableViewController.swift; sourceTree = "<group>"; };
		7E47C35D21111B77001F17FB /* AddCategoryViewController.swift */ = {isa = PBXFileReference; lastKnownFileType = sourcecode.swift; path = AddCategoryViewController.swift; sourceTree = "<group>"; };
		9E8A423E591640999E92EFE1 /* Pods-todoey.release.xcconfig */ = {isa = PBXFileReference; includeInIndex = 1; lastKnownFileType = text.xcconfig; name = "Pods-todoey.release.xcconfig"; path = "Pods/Target Support Files/Pods-todoey/Pods-todoey.release.xcconfig"; sourceTree = "<group>"; };
		AAE062F02ADB0745BAA07B24 /* Pods_todoey.framework */ = {isa = PBXFileReference; explicitFileType = wrapper.framework; includeInIndex = 0; path = Pods_todoey.framework; sourceTree = BUILT_PRODUCTS_DIR; };
/* End PBXFileReference section */

/* Begin PBXFrameworksBuildPhase section */
		7E47C319211043EE001F17FB /* Frameworks */ = {
			isa = PBXFrameworksBuildPhase;
			buildActionMask = 2147483647;
			files = (
				BA9C3483095D3B626A0F8D8E /* Pods_todoey.framework in Frameworks */,
			);
			runOnlyForDeploymentPostprocessing = 0;
		};
/* End PBXFrameworksBuildPhase section */

/* Begin PBXGroup section */
		7E47C313211043EE001F17FB = {
			isa = PBXGroup;
			children = (
				7E47C31E211043EE001F17FB /* todoey */,
				7E47C31D211043EE001F17FB /* Products */,
				9238229074F33835905B5FAF /* Pods */,
				DE9D49DD15D0BA79C3D63C13 /* Frameworks */,
			);
			sourceTree = "<group>";
		};
		7E47C31D211043EE001F17FB /* Products */ = {
			isa = PBXGroup;
			children = (
				7E47C31C211043EE001F17FB /* todoey.app */,
			);
			name = Products;
			sourceTree = "<group>";
		};
		7E47C31E211043EE001F17FB /* todoey */ = {
			isa = PBXGroup;
			children = (
				7E47C31F211043EE001F17FB /* AppDelegate.swift */,
				7E47C321211043EE001F17FB /* TodoListViewController.swift */,
				7E47C323211043EE001F17FB /* Main.storyboard */,
				7E47C326211043F0001F17FB /* Assets.xcassets */,
				7E47C328211043F0001F17FB /* LaunchScreen.storyboard */,
				7E47C32B211043F0001F17FB /* Info.plist */,
				7E47C331211059CD001F17FB /* AddItemViewController.swift */,
				7E47C3352110C563001F17FB /* DataModel.xcdatamodeld */,
				7E47C35B2111182C001F17FB /* AllCategoriesTableViewController.swift */,
				7E47C35D21111B77001F17FB /* AddCategoryViewController.swift */,
				7E13CB2D21118EC80044024F /* SwipeTableViewController.swift */,
				7E13CB2F2111C79C0044024F /* LocalPushManager.swift */,
			);
			path = todoey;
			sourceTree = "<group>";
		};
		9238229074F33835905B5FAF /* Pods */ = {
			isa = PBXGroup;
			children = (
				6EB99E7239B8650BD9052C0A /* Pods-todoey.debug.xcconfig */,
				9E8A423E591640999E92EFE1 /* Pods-todoey.release.xcconfig */,
			);
			name = Pods;
			sourceTree = "<group>";
		};
		DE9D49DD15D0BA79C3D63C13 /* Frameworks */ = {
			isa = PBXGroup;
			children = (
				AAE062F02ADB0745BAA07B24 /* Pods_todoey.framework */,
			);
			name = Frameworks;
			sourceTree = "<group>";
		};
/* End PBXGroup section */

/* Begin PBXNativeTarget section */
		7E47C31B211043EE001F17FB /* todoey */ = {
			isa = PBXNativeTarget;
			buildConfigurationList = 7E47C32E211043F0001F17FB /* Build configuration list for PBXNativeTarget "todoey" */;
			buildPhases = (
				CA7E6F8E229B00E2A9E79E82 /* [CP] Check Pods Manifest.lock */,
				7E47C318211043EE001F17FB /* Sources */,
				7E47C319211043EE001F17FB /* Frameworks */,
				7E47C31A211043EE001F17FB /* Resources */,
				C9834D38B2583DA4AB85F337 /* [CP] Embed Pods Frameworks */,
			);
			buildRules = (
			);
			dependencies = (
			);
			name = todoey;
			productName = todoey;
			productReference = 7E47C31C211043EE001F17FB /* todoey.app */;
			productType = "com.apple.product-type.application";
		};
/* End PBXNativeTarget section */

/* Begin PBXProject section */
		7E47C314211043EE001F17FB /* Project object */ = {
			isa = PBXProject;
			attributes = {
				LastSwiftUpdateCheck = 0940;
				LastUpgradeCheck = 0940;
				ORGANIZATIONNAME = "Sherif  Wagih";
				TargetAttributes = {
					7E47C31B211043EE001F17FB = {
						CreatedOnToolsVersion = 9.4.1;
					};
				};
			};
			buildConfigurationList = 7E47C317211043EE001F17FB /* Build configuration list for PBXProject "todoey" */;
			compatibilityVersion = "Xcode 9.3";
			developmentRegion = en;
			hasScannedForEncodings = 0;
			knownRegions = (
				en,
				Base,
			);
			mainGroup = 7E47C313211043EE001F17FB;
			productRefGroup = 7E47C31D211043EE001F17FB /* Products */;
			projectDirPath = "";
			projectRoot = "";
			targets = (
				7E47C31B211043EE001F17FB /* todoey */,
			);
		};
/* End PBXProject section */

/* Begin PBXResourcesBuildPhase section */
		7E47C31A211043EE001F17FB /* Resources */ = {
			isa = PBXResourcesBuildPhase;
			buildActionMask = 2147483647;
			files = (
				7E47C32A211043F0001F17FB /* LaunchScreen.storyboard in Resources */,
				7E47C327211043F0001F17FB /* Assets.xcassets in Resources */,
				7E47C325211043EE001F17FB /* Main.storyboard in Resources */,
			);
			runOnlyForDeploymentPostprocessing = 0;
		};
/* End PBXResourcesBuildPhase section */

/* Begin PBXShellScriptBuildPhase section */
		C9834D38B2583DA4AB85F337 /* [CP] Embed Pods Frameworks */ = {
			isa = PBXShellScriptBuildPhase;
			buildActionMask = 2147483647;
			files = (
			);
			inputPaths = (
				"${SRCROOT}/Pods/Target Support Files/Pods-todoey/Pods-todoey-frameworks.sh",
				"${BUILT_PRODUCTS_DIR}/SwipeCellKit/SwipeCellKit.framework",
			);
			name = "[CP] Embed Pods Frameworks";
			outputPaths = (
				"${TARGET_BUILD_DIR}/${FRAMEWORKS_FOLDER_PATH}/SwipeCellKit.framework",
			);
			runOnlyForDeploymentPostprocessing = 0;
			shellPath = /bin/sh;
			shellScript = "\"${SRCROOT}/Pods/Target Support Files/Pods-todoey/Pods-todoey-frameworks.sh\"\n";
			showEnvVarsInLog = 0;
		};
		CA7E6F8E229B00E2A9E79E82 /* [CP] Check Pods Manifest.lock */ = {
			isa = PBXShellScriptBuildPhase;
			buildActionMask = 2147483647;
			files = (
			);
			inputPaths = (
				"${PODS_PODFILE_DIR_PATH}/Podfile.lock",
				"${PODS_ROOT}/Manifest.lock",
			);
			name = "[CP] Check Pods Manifest.lock";
			outputPaths = (
				"$(DERIVED_FILE_DIR)/Pods-todoey-checkManifestLockResult.txt",
			);
			runOnlyForDeploymentPostprocessing = 0;
			shellPath = /bin/sh;
			shellScript = "diff \"${PODS_PODFILE_DIR_PATH}/Podfile.lock\" \"${PODS_ROOT}/Manifest.lock\" > /dev/null\nif [ $? != 0 ] ; then\n    # print error to STDERR\n    echo \"error: The sandbox is not in sync with the Podfile.lock. Run 'pod install' or update your CocoaPods installation.\" >&2\n    exit 1\nfi\n# This output is used by Xcode 'outputs' to avoid re-running this script phase.\necho \"SUCCESS\" > \"${SCRIPT_OUTPUT_FILE_0}\"\n";
			showEnvVarsInLog = 0;
		};
/* End PBXShellScriptBuildPhase section */

/* Begin PBXSourcesBuildPhase section */
		7E47C318211043EE001F17FB /* Sources */ = {
			isa = PBXSourcesBuildPhase;
			buildActionMask = 2147483647;
			files = (
				7E47C322211043EE001F17FB /* TodoListViewController.swift in Sources */,
				7E47C3372110C563001F17FB /* DataModel.xcdatamodeld in Sources */,
				7E47C35E21111B77001F17FB /* AddCategoryViewController.swift in Sources */,
				7E47C320211043EE001F17FB /* AppDelegate.swift in Sources */,
				7E47C332211059CD001F17FB /* AddItemViewController.swift in Sources */,
				7E47C35C2111182C001F17FB /* AllCategoriesTableViewController.swift in Sources */,
				7E13CB2E21118EC80044024F /* SwipeTableViewController.swift in Sources */,
				7E13CB302111C79C0044024F /* LocalPushManager.swift in Sources */,
			);
			runOnlyForDeploymentPostprocessing = 0;
		};
/* End PBXSourcesBuildPhase section */

/* Begin PBXVariantGroup section */
		7E47C323211043EE001F17FB /* Main.storyboard */ = {
			isa = PBXVariantGroup;
			children = (
				7E47C324211043EE001F17FB /* Base */,
			);
			name = Main.storyboard;
			sourceTree = "<group>";
		};
		7E47C328211043F0001F17FB /* LaunchScreen.storyboard */ = {
			isa = PBXVariantGroup;
			children = (
				7E47C329211043F0001F17FB /* Base */,
			);
			name = LaunchScreen.storyboard;
			sourceTree = "<group>";
		};
/* End PBXVariantGroup section */

/* Begin XCBuildConfiguration section */
		7E47C32C211043F0001F17FB /* Debug */ = {
			isa = XCBuildConfiguration;
			buildSettings = {
				ALWAYS_SEARCH_USER_PATHS = NO;
				CLANG_ANALYZER_NONNULL = YES;
				CLANG_ANALYZER_NUMBER_OBJECT_CONVERSION = YES_AGGRESSIVE;
				CLANG_CXX_LANGUAGE_STANDARD = "gnu++14";
				CLANG_CXX_LIBRARY = "libc++";
				CLANG_ENABLE_MODULES = YES;
				CLANG_ENABLE_OBJC_ARC = YES;
				CLANG_ENABLE_OBJC_WEAK = YES;
				CLANG_WARN_BLOCK_CAPTURE_AUTORELEASING = YES;
				CLANG_WARN_BOOL_CONVERSION = YES;
				CLANG_WARN_COMMA = YES;
				CLANG_WARN_CONSTANT_CONVERSION = YES;
				CLANG_WARN_DEPRECATED_OBJC_IMPLEMENTATIONS = YES;
				CLANG_WARN_DIRECT_OBJC_ISA_USAGE = YES_ERROR;
				CLANG_WARN_DOCUMENTATION_COMMENTS = YES;
				CLANG_WARN_EMPTY_BODY = YES;
				CLANG_WARN_ENUM_CONVERSION = YES;
				CLANG_WARN_INFINITE_RECURSION = YES;
				CLANG_WARN_INT_CONVERSION = YES;
				CLANG_WARN_NON_LITERAL_NULL_CONVERSION = YES;
				CLANG_WARN_OBJC_IMPLICIT_RETAIN_SELF = YES;
				CLANG_WARN_OBJC_LITERAL_CONVERSION = YES;
				CLANG_WARN_OBJC_ROOT_CLASS = YES_ERROR;
				CLANG_WARN_RANGE_LOOP_ANALYSIS = YES;
				CLANG_WARN_STRICT_PROTOTYPES = YES;
				CLANG_WARN_SUSPICIOUS_MOVE = YES;
				CLANG_WARN_UNGUARDED_AVAILABILITY = YES_AGGRESSIVE;
				CLANG_WARN_UNREACHABLE_CODE = YES;
				CLANG_WARN__DUPLICATE_METHOD_MATCH = YES;
				CODE_SIGN_IDENTITY = "iPhone Developer";
				COPY_PHASE_STRIP = NO;
				DEBUG_INFORMATION_FORMAT = dwarf;
				ENABLE_STRICT_OBJC_MSGSEND = YES;
				ENABLE_TESTABILITY = YES;
				GCC_C_LANGUAGE_STANDARD = gnu11;
				GCC_DYNAMIC_NO_PIC = NO;
				GCC_NO_COMMON_BLOCKS = YES;
				GCC_OPTIMIZATION_LEVEL = 0;
				GCC_PREPROCESSOR_DEFINITIONS = (
					"DEBUG=1",
					"$(inherited)",
				);
				GCC_WARN_64_TO_32_BIT_CONVERSION = YES;
				GCC_WARN_ABOUT_RETURN_TYPE = YES_ERROR;
				GCC_WARN_UNDECLARED_SELECTOR = YES;
				GCC_WARN_UNINITIALIZED_AUTOS = YES_AGGRESSIVE;
				GCC_WARN_UNUSED_FUNCTION = YES;
				GCC_WARN_UNUSED_VARIABLE = YES;
				IPHONEOS_DEPLOYMENT_TARGET = 11.4;
				MTL_ENABLE_DEBUG_INFO = YES;
				ONLY_ACTIVE_ARCH = YES;
				SDKROOT = iphoneos;
				SWIFT_ACTIVE_COMPILATION_CONDITIONS = DEBUG;
				SWIFT_OPTIMIZATION_LEVEL = "-Onone";
			};
			name = Debug;
		};
		7E47C32D211043F0001F17FB /* Release */ = {
			isa = XCBuildConfiguration;
			buildSettings = {
				ALWAYS_SEARCH_USER_PATHS = NO;
				CLANG_ANALYZER_NONNULL = YES;
				CLANG_ANALYZER_NUMBER_OBJECT_CONVERSION = YES_AGGRESSIVE;
				CLANG_CXX_LANGUAGE_STANDARD = "gnu++14";
				CLANG_CXX_LIBRARY = "libc++";
				CLANG_ENABLE_MODULES = YES;
				CLANG_ENABLE_OBJC_ARC = YES;
				CLANG_ENABLE_OBJC_WEAK = YES;
				CLANG_WARN_BLOCK_CAPTURE_AUTORELEASING = YES;
				CLANG_WARN_BOOL_CONVERSION = YES;
				CLANG_WARN_COMMA = YES;
				CLANG_WARN_CONSTANT_CONVERSION = YES;
				CLANG_WARN_DEPRECATED_OBJC_IMPLEMENTATIONS = YES;
				CLANG_WARN_DIRECT_OBJC_ISA_USAGE = YES_ERROR;
				CLANG_WARN_DOCUMENTATION_COMMENTS = YES;
				CLANG_WARN_EMPTY_BODY = YES;
				CLANG_WARN_ENUM_CONVERSION = YES;
				CLANG_WARN_INFINITE_RECURSION = YES;
				CLANG_WARN_INT_CONVERSION = YES;
				CLANG_WARN_NON_LITERAL_NULL_CONVERSION = YES;
				CLANG_WARN_OBJC_IMPLICIT_RETAIN_SELF = YES;
				CLANG_WARN_OBJC_LITERAL_CONVERSION = YES;
				CLANG_WARN_OBJC_ROOT_CLASS = YES_ERROR;
				CLANG_WARN_RANGE_LOOP_ANALYSIS = YES;
				CLANG_WARN_STRICT_PROTOTYPES = YES;
				CLANG_WARN_SUSPICIOUS_MOVE = YES;
				CLANG_WARN_UNGUARDED_AVAILABILITY = YES_AGGRESSIVE;
				CLANG_WARN_UNREACHABLE_CODE = YES;
				CLANG_WARN__DUPLICATE_METHOD_MATCH = YES;
				CODE_SIGN_IDENTITY = "iPhone Developer";
				COPY_PHASE_STRIP = NO;
				DEBUG_INFORMATION_FORMAT = "dwarf-with-dsym";
				ENABLE_NS_ASSERTIONS = NO;
				ENABLE_STRICT_OBJC_MSGSEND = YES;
				GCC_C_LANGUAGE_STANDARD = gnu11;
				GCC_NO_COMMON_BLOCKS = YES;
				GCC_WARN_64_TO_32_BIT_CONVERSION = YES;
				GCC_WARN_ABOUT_RETURN_TYPE = YES_ERROR;
				GCC_WARN_UNDECLARED_SELECTOR = YES;
				GCC_WARN_UNINITIALIZED_AUTOS = YES_AGGRESSIVE;
				GCC_WARN_UNUSED_FUNCTION = YES;
				GCC_WARN_UNUSED_VARIABLE = YES;
				IPHONEOS_DEPLOYMENT_TARGET = 11.4;
				MTL_ENABLE_DEBUG_INFO = NO;
				SDKROOT = iphoneos;
				SWIFT_COMPILATION_MODE = wholemodule;
				SWIFT_OPTIMIZATION_LEVEL = "-O";
				VALIDATE_PRODUCT = YES;
			};
			name = Release;
		};
		7E47C32F211043F0001F17FB /* Debug */ = {
			isa = XCBuildConfiguration;
			baseConfigurationReference = 6EB99E7239B8650BD9052C0A /* Pods-todoey.debug.xcconfig */;
			buildSettings = {
				ASSETCATALOG_COMPILER_APPICON_NAME = AppIcon;
				CODE_SIGN_STYLE = Automatic;
				DEVELOPMENT_TEAM = GUS473JQDG;
				INFOPLIST_FILE = todoey/Info.plist;
				LD_RUNPATH_SEARCH_PATHS = (
					"$(inherited)",
					"@executable_path/Frameworks",
				);
				PRODUCT_BUNDLE_IDENTIFIER = com.sherifzekry.todoey;
				PRODUCT_NAME = "$(TARGET_NAME)";
				SWIFT_VERSION = 4.0;
				TARGETED_DEVICE_FAMILY = 1;
			};
			name = Debug;
		};
		7E47C330211043F0001F17FB /* Release */ = {
			isa = XCBuildConfiguration;
			baseConfigurationReference = 9E8A423E591640999E92EFE1 /* Pods-todoey.release.xcconfig */;
			buildSettings = {
				ASSETCATALOG_COMPILER_APPICON_NAME = AppIcon;
				CODE_SIGN_STYLE = Automatic;
				DEVELOPMENT_TEAM = GUS473JQDG;
				INFOPLIST_FILE = todoey/Info.plist;
				LD_RUNPATH_SEARCH_PATHS = (
					"$(inherited)",
					"@executable_path/Frameworks",
				);
				PRODUCT_BUNDLE_IDENTIFIER = com.sherifzekry.todoey;
				PRODUCT_NAME = "$(TARGET_NAME)";
				SWIFT_VERSION = 4.0;
				TARGETED_DEVICE_FAMILY = 1;
			};
			name = Release;
		};
/* End XCBuildConfiguration section */

/* Begin XCConfigurationList section */
		7E47C317211043EE001F17FB /* Build configuration list for PBXProject "todoey" */ = {
			isa = XCConfigurationList;
			buildConfigurations = (
				7E47C32C211043F0001F17FB /* Debug */,
				7E47C32D211043F0001F17FB /* Release */,
			);
			defaultConfigurationIsVisible = 0;
			defaultConfigurationName = Release;
		};
		7E47C32E211043F0001F17FB /* Build configuration list for PBXNativeTarget "todoey" */ = {
			isa = XCConfigurationList;
			buildConfigurations = (
				7E47C32F211043F0001F17FB /* Debug */,
				7E47C330211043F0001F17FB /* Release */,
			);
			defaultConfigurationIsVisible = 0;
			defaultConfigurationName = Release;
		};
/* End XCConfigurationList section */

/* Begin XCVersionGroup section */
		7E47C3352110C563001F17FB /* DataModel.xcdatamodeld */ = {
			isa = XCVersionGroup;
			children = (
				7E47C3362110C563001F17FB /* DataModel.xcdatamodel */,
			);
			currentVersion = 7E47C3362110C563001F17FB /* DataModel.xcdatamodel */;
			path = DataModel.xcdatamodeld;
			sourceTree = "<group>";
			versionGroupType = wrapper.xcdatamodel;
		};
/* End XCVersionGroup section */
	};
	rootObject = 7E47C314211043EE001F17FB /* Project object */;
}
